PODS:
  - FXBlurView (1.6.1)
  - Kiwi/ARC (2.2.4)
  - Kiwi/NonARC (2.2.4)
  - Kiwi/XCTest (2.2.4):
    - Kiwi/ARC
    - Kiwi/NonARC
  - Mantle (1.4.1):
    - Mantle/extobjc
  - Mantle/extobjc (1.4.1)
  - ReactiveCocoa (2.3):
    - ReactiveCocoa/Core
    - ReactiveCocoa/no-arc
  - ReactiveCocoa/Core (2.3):
    - ReactiveCocoa/no-arc
  - ReactiveCocoa/no-arc (2.3)
  - ReactiveViewModel (0.2):
    - ReactiveCocoa (~> 2.1)

DEPENDENCIES:
  - FXBlurView (~> 1.6.1)
  - Kiwi/XCTest (~> 2.2.4)
  - Mantle (~> 1.4)
  - ReactiveCocoa (~> 2.3)
  - ReactiveViewModel (~> 0.2)

SPEC CHECKSUMS:
  FXBlurView: 855a881c8b5f89829748070928aa9447c3d3c726
  Kiwi: d60d7498b640a16f58b01925fc3c8d7c4d809f66
  Mantle: 0714cdb2b8559d9e6c2410d6a8529e3307bff189
  ReactiveCocoa: 1f6265f9d521923d3efcc37b00722cefc16df269
  ReactiveViewModel: f636ab3e06b5e69664b69c883fcdb457ab5cb0cb

COCOAPODS: 0.32.1
